
Microsoft Visual Studio Solution File, Format Version 12.00
# Visual Studio Version 16
VisualStudioVersion = 16.0.31129.286
MinimumVisualStudioVersion = 10.0.40219.1
Project("{FAE04EC0-301F-11D3-BF4B-00C04F79EFBC}") = "Upgrade", "Upgrade\Upgrade.csproj", "{7C5719E1-929D-46F3-BB6D-1E336BD45C57}"
EndProject
Global
	GlobalSection(SolutionConfigurationPlatforms) = preSolution
		Debug|Any CPU = Debug|Any CPU
		Release|Any CPU = Release|Any CPU
	EndGlobalSection
	GlobalSection(ProjectConfigurationPlatforms) = postSolution
		{7C5719E1-929D-46F3-BB6D-1E336BD45C57}.Debug|Any CPU.ActiveCfg = Debug|Any CPU
		{7C5719E1-929D-46F3-BB6D-1E336BD45C57}.Debug|Any CPU.Build.0 = Debug|Any CPU
		{7C5719E1-929D-46F3-BB6D-1E336BD45C57}.Release|Any CPU.ActiveCfg = Release|Any CPU
		{7C5719E1-929D-46F3-BB6D-1E336BD45C57}.Release|Any CPU.Build.0 = Release|Any CPU
	EndGlobalSection
	GlobalSection(SolutionProperties) = preSolution
		HideSolutionNode = FALSE
	EndGlobalSection
	GlobalSection(ExtensibilityGlobals) = postSolution
		SolutionGuid = {95D23A9C-23A2-4871-B204-4D4CDA3473D3}
	EndGlobalSection
EndGlobal
